
Microsoft Visual Studio Solution File, Format Version 12.00
# Visual Studio Version 17
VisualStudioVersion = 17.0.31606.5
MinimumVisualStudioVersion = 10.0.40219.1
Project("{9A19103F-16F7-4668-BE54-9A1E7A4F7556}") = "OrviboConfigurationTool", "OrviboConfigurationTool\OrviboConfigurationTool.csproj", "{BC03C637-7B05-4A15-81BF-BA922DD38C89}"
EndProject
Project("{9A19103F-16F7-4668-BE54-9A1E7A4F7556}") = "OrviboBlazor", "OrviboBlazor\OrviboBlazor.csproj", "{AD4AAC33-56F6-46FC-87B7-D876E1C7F58B}"
EndProject
Project("{9A19103F-16F7-4668-BE54-9A1E7A4F7556}") = "OrviboControl", "OrviboControl\OrviboControl.csproj", "{93268062-ADD2-4D8B-9E15-E58E7C3D7267}"
EndProject
Project("{9A19103F-16F7-4668-BE54-9A1E7A4F7556}") = "OrviboConsoleApp", "OrviboConsoleApp\OrviboConsoleApp.csproj", "{28E8624C-5D74-455C-8852-208FE6469623}"
EndProject
Project("{2150E333-8FDC-42A3-9474-1A3956D46DE8}") = "Solution Items", "Solution Items", "{842CB436-80BC-433D-8962-D1579E117B24}"
	ProjectSection(SolutionItems) = preProject
		.editorconfig = .editorconfig
	EndProjectSection
EndProject
Global
	GlobalSection(SolutionConfigurationPlatforms) = preSolution
		Debug|Any CPU = Debug|Any CPU
		Release|Any CPU = Release|Any CPU
	EndGlobalSection
	GlobalSection(ProjectConfigurationPlatforms) = postSolution
		{BC03C637-7B05-4A15-81BF-BA922DD38C89}.Debug|Any CPU.ActiveCfg = Debug|Any CPU
		{BC03C637-7B05-4A15-81BF-BA922DD38C89}.Debug|Any CPU.Build.0 = Debug|Any CPU
		{BC03C637-7B05-4A15-81BF-BA922DD38C89}.Release|Any CPU.ActiveCfg = Release|Any CPU
		{BC03C637-7B05-4A15-81BF-BA922DD38C89}.Release|Any CPU.Build.0 = Release|Any CPU
		{AD4AAC33-56F6-46FC-87B7-D876E1C7F58B}.Debug|Any CPU.ActiveCfg = Debug|Any CPU
		{AD4AAC33-56F6-46FC-87B7-D876E1C7F58B}.Debug|Any CPU.Build.0 = Debug|Any CPU
		{AD4AAC33-56F6-46FC-87B7-D876E1C7F58B}.Release|Any CPU.ActiveCfg = Release|Any CPU
		{AD4AAC33-56F6-46FC-87B7-D876E1C7F58B}.Release|Any CPU.Build.0 = Release|Any CPU
		{93268062-ADD2-4D8B-9E15-E58E7C3D7267}.Debug|Any CPU.ActiveCfg = Debug|Any CPU
		{93268062-ADD2-4D8B-9E15-E58E7C3D7267}.Debug|Any CPU.Build.0 = Debug|Any CPU
		{93268062-ADD2-4D8B-9E15-E58E7C3D7267}.Release|Any CPU.ActiveCfg = Release|Any CPU
		{93268062-ADD2-4D8B-9E15-E58E7C3D7267}.Release|Any CPU.Build.0 = Release|Any CPU
		{28E8624C-5D74-455C-8852-208FE6469623}.Debug|Any CPU.ActiveCfg = Debug|Any CPU
		{28E8624C-5D74-455C-8852-208FE6469623}.Debug|Any CPU.Build.0 = Debug|Any CPU
		{28E8624C-5D74-455C-8852-208FE6469623}.Release|Any CPU.ActiveCfg = Release|Any CPU
		{28E8624C-5D74-455C-8852-208FE6469623}.Release|Any CPU.Build.0 = Release|Any CPU
	EndGlobalSection
	GlobalSection(SolutionProperties) = preSolution
		HideSolutionNode = FALSE
	EndGlobalSection
	GlobalSection(ExtensibilityGlobals) = postSolution
		SolutionGuid = {78EA47B0-3FE6-42EF-BF88-BB53E7256E0B}
	EndGlobalSection
EndGlobal
